
Microsoft Visual Studio Solution File, Format Version 12.00
# Visual Studio Version 17
VisualStudioVersion = 17.6.33829.357
MinimumVisualStudioVersion = 10.0.40219.1
Project("{9A19103F-16F7-4668-BE54-9A1E7A4F7556}") = "Models", "Models\Models.csproj", "{A9AF0F4E-BF3E-4B4C-AA4A-ECF44BA9D4B5}"
EndProject
Project("{9A19103F-16F7-4668-BE54-9A1E7A4F7556}") = "Contracts", "Contracts\Contracts.csproj", "{6B8C88C9-98CD-4A8F-9432-08DEC9F0D9AC}"
EndProject
Project("{9A19103F-16F7-4668-BE54-9A1E7A4F7556}") = "Repositories", "Repositories\Repositories.csproj", "{7ADC617B-500B-4F6D-ACE0-F1BA74E3383D}"
EndProject
Project("{9A19103F-16F7-4668-BE54-9A1E7A4F7556}") = "Shared", "Shared\Shared.csproj", "{DDE17A9D-175A-4915-967F-5AB2397DB301}"
EndProject
Project("{9A19103F-16F7-4668-BE54-9A1E7A4F7556}") = "RepositoryUnitOfWork", "RepositoryUnitOfWork\RepositoryUnitOfWork.csproj", "{57C9A8E7-C1F2-4BE2-ACB1-2957D3A42504}"
EndProject
Project("{9A19103F-16F7-4668-BE54-9A1E7A4F7556}") = "Service.Repositories", "Service.Repositories\Service.Repositories.csproj", "{477FDC69-C53E-47C1-A3E4-6274D67928F3}"
EndProject
Project("{9A19103F-16F7-4668-BE54-9A1E7A4F7556}") = "Service.Contracts", "Service.Contracts\Service.Contracts.csproj", "{E8943B52-6880-4ABC-AE5B-2029C6022817}"
EndProject
Project("{FAE04EC0-301F-11D3-BF4B-00C04F79EFBC}") = "Presentation", "Presentation\Presentation.csproj", "{0E43F67A-D3D2-4E55-804A-E92C107B220B}"
EndProject
Project("{FAE04EC0-301F-11D3-BF4B-00C04F79EFBC}") = "ContactBookApi", "ContactBookApi\ContactBookApi.csproj", "{0F0D16F6-48AC-4D4E-B186-2E4D14AFF519}"
EndProject
Global
	GlobalSection(SolutionConfigurationPlatforms) = preSolution
		Debug|Any CPU = Debug|Any CPU
		Release|Any CPU = Release|Any CPU
	EndGlobalSection
	GlobalSection(ProjectConfigurationPlatforms) = postSolution
		{A9AF0F4E-BF3E-4B4C-AA4A-ECF44BA9D4B5}.Debug|Any CPU.ActiveCfg = Debug|Any CPU
		{A9AF0F4E-BF3E-4B4C-AA4A-ECF44BA9D4B5}.Debug|Any CPU.Build.0 = Debug|Any CPU
		{A9AF0F4E-BF3E-4B4C-AA4A-ECF44BA9D4B5}.Release|Any CPU.ActiveCfg = Release|Any CPU
		{A9AF0F4E-BF3E-4B4C-AA4A-ECF44BA9D4B5}.Release|Any CPU.Build.0 = Release|Any CPU
		{6B8C88C9-98CD-4A8F-9432-08DEC9F0D9AC}.Debug|Any CPU.ActiveCfg = Debug|Any CPU
		{6B8C88C9-98CD-4A8F-9432-08DEC9F0D9AC}.Debug|Any CPU.Build.0 = Debug|Any CPU
		{6B8C88C9-98CD-4A8F-9432-08DEC9F0D9AC}.Release|Any CPU.ActiveCfg = Release|Any CPU
		{6B8C88C9-98CD-4A8F-9432-08DEC9F0D9AC}.Release|Any CPU.Build.0 = Release|Any CPU
		{7ADC617B-500B-4F6D-ACE0-F1BA74E3383D}.Debug|Any CPU.ActiveCfg = Debug|Any CPU
		{7ADC617B-500B-4F6D-ACE0-F1BA74E3383D}.Debug|Any CPU.Build.0 = Debug|Any CPU
		{7ADC617B-500B-4F6D-ACE0-F1BA74E3383D}.Release|Any CPU.ActiveCfg = Release|Any CPU
		{7ADC617B-500B-4F6D-ACE0-F1BA74E3383D}.Release|Any CPU.Build.0 = Release|Any CPU
		{DDE17A9D-175A-4915-967F-5AB2397DB301}.Debug|Any CPU.ActiveCfg = Debug|Any CPU
		{DDE17A9D-175A-4915-967F-5AB2397DB301}.Debug|Any CPU.Build.0 = Debug|Any CPU
		{DDE17A9D-175A-4915-967F-5AB2397DB301}.Release|Any CPU.ActiveCfg = Release|Any CPU
		{DDE17A9D-175A-4915-967F-5AB2397DB301}.Release|Any CPU.Build.0 = Release|Any CPU
		{57C9A8E7-C1F2-4BE2-ACB1-2957D3A42504}.Debug|Any CPU.ActiveCfg = Debug|Any CPU
		{57C9A8E7-C1F2-4BE2-ACB1-2957D3A42504}.Debug|Any CPU.Build.0 = Debug|Any CPU
		{57C9A8E7-C1F2-4BE2-ACB1-2957D3A42504}.Release|Any CPU.ActiveCfg = Release|Any CPU
		{57C9A8E7-C1F2-4BE2-ACB1-2957D3A42504}.Release|Any CPU.Build.0 = Release|Any CPU
		{477FDC69-C53E-47C1-A3E4-6274D67928F3}.Debug|Any CPU.ActiveCfg = Debug|Any CPU
		{477FDC69-C53E-47C1-A3E4-6274D67928F3}.Debug|Any CPU.Build.0 = Debug|Any CPU
		{477FDC69-C53E-47C1-A3E4-6274D67928F3}.Release|Any CPU.ActiveCfg = Release|Any CPU
		{477FDC69-C53E-47C1-A3E4-6274D67928F3}.Release|Any CPU.Build.0 = Release|Any CPU
		{E8943B52-6880-4ABC-AE5B-2029C6022817}.Debug|Any CPU.ActiveCfg = Debug|Any CPU
		{E8943B52-6880-4ABC-AE5B-2029C6022817}.Debug|Any CPU.Build.0 = Debug|Any CPU
		{E8943B52-6880-4ABC-AE5B-2029C6022817}.Release|Any CPU.ActiveCfg = Release|Any CPU
		{E8943B52-6880-4ABC-AE5B-2029C6022817}.Release|Any CPU.Build.0 = Release|Any CPU
		{0E43F67A-D3D2-4E55-804A-E92C107B220B}.Debug|Any CPU.ActiveCfg = Debug|Any CPU
		{0E43F67A-D3D2-4E55-804A-E92C107B220B}.Debug|Any CPU.Build.0 = Debug|Any CPU
		{0E43F67A-D3D2-4E55-804A-E92C107B220B}.Release|Any CPU.ActiveCfg = Release|Any CPU
		{0E43F67A-D3D2-4E55-804A-E92C107B220B}.Release|Any CPU.Build.0 = Release|Any CPU
		{0F0D16F6-48AC-4D4E-B186-2E4D14AFF519}.Debug|Any CPU.ActiveCfg = Debug|Any CPU
		{0F0D16F6-48AC-4D4E-B186-2E4D14AFF519}.Debug|Any CPU.Build.0 = Debug|Any CPU
		{0F0D16F6-48AC-4D4E-B186-2E4D14AFF519}.Release|Any CPU.ActiveCfg = Release|Any CPU
		{0F0D16F6-48AC-4D4E-B186-2E4D14AFF519}.Release|Any CPU.Build.0 = Release|Any CPU
	EndGlobalSection
	GlobalSection(SolutionProperties) = preSolution
		HideSolutionNode = FALSE
	EndGlobalSection
	GlobalSection(ExtensibilityGlobals) = postSolution
		SolutionGuid = {3D395218-D54F-4C9B-9AB9-B85562527CFA}
	EndGlobalSection
EndGlobal
